
Microsoft Visual Studio Solution File, Format Version 12.00
# Visual Studio Version 17
VisualStudioVersion = 17.9.34701.34
MinimumVisualStudioVersion = 10.0.40219.1
Project("{2150E333-8FDC-42A3-9474-1A3956D46DE8}") = "src", "src", "{79CDDC19-CA9E-4C79-8CBD-419616EA46F8}"
EndProject
Project("{2150E333-8FDC-42A3-9474-1A3956D46DE8}") = ".github", ".github", "{131E258D-4136-42CB-B30C-77A84516753F}"
EndProject
Project("{2150E333-8FDC-42A3-9474-1A3956D46DE8}") = "test", "test", "{89D297EB-0450-407B-AC5C-404A61EABB4D}"
EndProject
Project("{2150E333-8FDC-42A3-9474-1A3956D46DE8}") = "workflows", "workflows", "{33902934-789A-4E0F-A65E-1F13225AFBAF}"
	ProjectSection(SolutionItems) = preProject
		.github\workflows\beta.yml = .github\workflows\beta.yml
		.github\workflows\feature.yml = .github\workflows\feature.yml
		.github\workflows\prod.yml = .github\workflows\prod.yml
	EndProjectSection
EndProject
Project("{9A19103F-16F7-4668-BE54-9A1E7A4F7556}") = "StaplePuck.Hockey.NHLScheduler", "src\StaplePuck.Hockey.NHLScheduler\StaplePuck.Hockey.NHLScheduler.csproj", "{1D47D185-7017-47FA-ADB9-CED52EA4C5B2}"
EndProject
Project("{9A19103F-16F7-4668-BE54-9A1E7A4F7556}") = "StaplePuck.Hockey.NHLScheduler.Tests", "test\StaplePuck.Hockey.NHLScheduler.Tests\StaplePuck.Hockey.NHLScheduler.Tests.csproj", "{91E5964F-BE42-45B1-9D36-197FE08DCC0E}"
EndProject
Global
	GlobalSection(SolutionConfigurationPlatforms) = preSolution
		Debug|Any CPU = Debug|Any CPU
		Release|Any CPU = Release|Any CPU
	EndGlobalSection
	GlobalSection(ProjectConfigurationPlatforms) = postSolution
		{1D47D185-7017-47FA-ADB9-CED52EA4C5B2}.Debug|Any CPU.ActiveCfg = Debug|Any CPU
		{1D47D185-7017-47FA-ADB9-CED52EA4C5B2}.Debug|Any CPU.Build.0 = Debug|Any CPU
		{1D47D185-7017-47FA-ADB9-CED52EA4C5B2}.Release|Any CPU.ActiveCfg = Release|Any CPU
		{1D47D185-7017-47FA-ADB9-CED52EA4C5B2}.Release|Any CPU.Build.0 = Release|Any CPU
		{91E5964F-BE42-45B1-9D36-197FE08DCC0E}.Debug|Any CPU.ActiveCfg = Debug|Any CPU
		{91E5964F-BE42-45B1-9D36-197FE08DCC0E}.Debug|Any CPU.Build.0 = Debug|Any CPU
		{91E5964F-BE42-45B1-9D36-197FE08DCC0E}.Release|Any CPU.ActiveCfg = Release|Any CPU
		{91E5964F-BE42-45B1-9D36-197FE08DCC0E}.Release|Any CPU.Build.0 = Release|Any CPU
	EndGlobalSection
	GlobalSection(SolutionProperties) = preSolution
		HideSolutionNode = FALSE
	EndGlobalSection
	GlobalSection(NestedProjects) = preSolution
		{33902934-789A-4E0F-A65E-1F13225AFBAF} = {131E258D-4136-42CB-B30C-77A84516753F}
		{1D47D185-7017-47FA-ADB9-CED52EA4C5B2} = {79CDDC19-CA9E-4C79-8CBD-419616EA46F8}
		{91E5964F-BE42-45B1-9D36-197FE08DCC0E} = {89D297EB-0450-407B-AC5C-404A61EABB4D}
	EndGlobalSection
	GlobalSection(ExtensibilityGlobals) = postSolution
		SolutionGuid = {1166635C-4807-4F71-83F2-EE803F88B7A7}
	EndGlobalSection
EndGlobal
